
Microsoft Visual Studio Solution File, Format Version 11.00
# Visual Studio 2010
Project("{8BC9CEB8-8B4A-11D0-8D11-00A0C91BC942}") = "CPPTraining", "CPPTraining\CPPTraining.vcxproj", "{27E753EF-9811-4F28-9A5B-32C0CDEC0956}"
EndProject
Global
	GlobalSection(SolutionConfigurationPlatforms) = preSolution
		Debug|Win32 = Debug|Win32
		Release|Win32 = Release|Win32
	EndGlobalSection
	GlobalSection(ProjectConfigurationPlatforms) = postSolution
		{27E753EF-9811-4F28-9A5B-32C0CDEC0956}.Debug|Win32.ActiveCfg = Debug|Win32
		{27E753EF-9811-4F28-9A5B-32C0CDEC0956}.Debug|Win32.Build.0 = Debug|Win32
		{27E753EF-9811-4F28-9A5B-32C0CDEC0956}.Release|Win32.ActiveCfg = Release|Win32
		{27E753EF-9811-4F28-9A5B-32C0CDEC0956}.Release|Win32.Build.0 = Release|Win32
	EndGlobalSection
	GlobalSection(SolutionProperties) = preSolution
		HideSolutionNode = FALSE
	EndGlobalSection
EndGlobal
