
Microsoft Visual Studio Solution File, Format Version 10.00
# Visual Studio 2008
Project("{8BC9CEB8-8B4A-11D0-8D11-00A0C91BC942}") = "CPSC441Assignment1", "CPSC441Assignment1\CPSC441Assignment1.vcproj", "{BC97273F-97F6-495E-82D8-CFB4458DADB1}"
EndProject
Global
	GlobalSection(SolutionConfigurationPlatforms) = preSolution
		Debug|Win32 = Debug|Win32
		Release|Win32 = Release|Win32
	EndGlobalSection
	GlobalSection(ProjectConfigurationPlatforms) = postSolution
		{BC97273F-97F6-495E-82D8-CFB4458DADB1}.Debug|Win32.ActiveCfg = Debug|Win32
		{BC97273F-97F6-495E-82D8-CFB4458DADB1}.Debug|Win32.Build.0 = Debug|Win32
		{BC97273F-97F6-495E-82D8-CFB4458DADB1}.Release|Win32.ActiveCfg = Release|Win32
		{BC97273F-97F6-495E-82D8-CFB4458DADB1}.Release|Win32.Build.0 = Release|Win32
	EndGlobalSection
	GlobalSection(SolutionProperties) = preSolution
		HideSolutionNode = FALSE
	EndGlobalSection
EndGlobal
