
Microsoft Visual Studio Solution File, Format Version 11.00
# Visual Studio 2010
Project("{FAE04EC0-301F-11D3-BF4B-00C04F79EFBC}") = "FriendsFlock.Web", "FriendsFlock.Web\FriendsFlock.Web.csproj", "{5D4AEFA9-D56D-4CB2-878E-30386AD0F40F}"
EndProject
Project("{2150E333-8FDC-42A3-9474-1A3956D46DE8}") = "Client", "Client", "{FEC5D724-26CC-40D3-85FB-01B3CA5CF38F}"
EndProject
Project("{2150E333-8FDC-42A3-9474-1A3956D46DE8}") = "Web", "Web", "{02AD79DD-F16A-4A09-B88B-8FDAF28FCB4C}"
EndProject
Project("{FAE04EC0-301F-11D3-BF4B-00C04F79EFBC}") = "FriendsFlockClient", "FriendsFlockClient\FriendsFlockClient.csproj", "{CCF919AC-D5A4-48A9-A687-8484471FDEFD}"
EndProject
Project("{FAE04EC0-301F-11D3-BF4B-00C04F79EFBC}") = "FriendsFlockInterface", "FriendsFlockInterface\FriendsFlockInterface.csproj", "{87E00E34-2A00-41C4-8818-F4C2BFE8D9EC}"
EndProject
Project("{FAE04EC0-301F-11D3-BF4B-00C04F79EFBC}") = "FriendsService", "FriendsService\FriendsService.csproj", "{F0933F13-CC22-4C9E-80BF-6DBF27EF514E}"
EndProject
Project("{FAE04EC0-301F-11D3-BF4B-00C04F79EFBC}") = "FriendsFlockCore", "FriendsFlockCore\FriendsFlockCore.csproj", "{C79AA4EE-3105-45F9-BDC3-1C92D58251B5}"
	ProjectSection(ProjectDependencies) = postProject
		{5D4AEFA9-D56D-4CB2-878E-30386AD0F40F} = {5D4AEFA9-D56D-4CB2-878E-30386AD0F40F}
	EndProjectSection
EndProject
Project("{2150E333-8FDC-42A3-9474-1A3956D46DE8}") = "1 - Presentation", "1 - Presentation", "{361A29AB-A9F2-4884-AC27-443D126512E3}"
EndProject
Project("{2150E333-8FDC-42A3-9474-1A3956D46DE8}") = "2 - Business", "2 - Business", "{520AC8A4-1A4E-4705-8E4A-35241654DC94}"
EndProject
Project("{FAE04EC0-301F-11D3-BF4B-00C04F79EFBC}") = "GraphService", "GraphService\GraphService.csproj", "{818A9B2B-91EC-4BA2-A288-D98E47F8FD2F}"
EndProject
Project("{2150E333-8FDC-42A3-9474-1A3956D46DE8}") = "Testing", "Testing", "{55099023-AB27-4913-82FD-9727901A2A12}"
EndProject
Project("{FAE04EC0-301F-11D3-BF4B-00C04F79EFBC}") = "FriendsFlockTest", "FriendsFlockTest\FriendsFlockTest.csproj", "{5877140A-B99A-4002-9C46-F0F156345AB2}"
EndProject
Project("{FAE04EC0-301F-11D3-BF4B-00C04F79EFBC}") = "GraphSharp.Silverlight", "GraphSharp.Silverlight\GraphSharp.Silverlight.csproj", "{9FFB517C-D9DE-4502-B3D6-64DD577AAB92}"
EndProject
Project("{CC5FD16D-436D-48AD-A40C-5A424C6E3E79}") = "FriendsFlock.Web.Azure", "FriendsFlock.Web.Azure\FriendsFlock.Web.Azure.ccproj", "{5007F33E-64B8-4CD8-9724-373347BDD095}"
EndProject
Global
	GlobalSection(SolutionConfigurationPlatforms) = preSolution
		Debug|Any CPU = Debug|Any CPU
		Release|Any CPU = Release|Any CPU
	EndGlobalSection
	GlobalSection(ProjectConfigurationPlatforms) = postSolution
		{5D4AEFA9-D56D-4CB2-878E-30386AD0F40F}.Debug|Any CPU.ActiveCfg = Debug|Any CPU
		{5D4AEFA9-D56D-4CB2-878E-30386AD0F40F}.Debug|Any CPU.Build.0 = Debug|Any CPU
		{5D4AEFA9-D56D-4CB2-878E-30386AD0F40F}.Release|Any CPU.ActiveCfg = Release|Any CPU
		{5D4AEFA9-D56D-4CB2-878E-30386AD0F40F}.Release|Any CPU.Build.0 = Release|Any CPU
		{CCF919AC-D5A4-48A9-A687-8484471FDEFD}.Debug|Any CPU.ActiveCfg = Debug|Any CPU
		{CCF919AC-D5A4-48A9-A687-8484471FDEFD}.Debug|Any CPU.Build.0 = Debug|Any CPU
		{CCF919AC-D5A4-48A9-A687-8484471FDEFD}.Release|Any CPU.ActiveCfg = Release|Any CPU
		{CCF919AC-D5A4-48A9-A687-8484471FDEFD}.Release|Any CPU.Build.0 = Release|Any CPU
		{87E00E34-2A00-41C4-8818-F4C2BFE8D9EC}.Debug|Any CPU.ActiveCfg = Debug|Any CPU
		{87E00E34-2A00-41C4-8818-F4C2BFE8D9EC}.Debug|Any CPU.Build.0 = Debug|Any CPU
		{87E00E34-2A00-41C4-8818-F4C2BFE8D9EC}.Release|Any CPU.ActiveCfg = Release|Any CPU
		{87E00E34-2A00-41C4-8818-F4C2BFE8D9EC}.Release|Any CPU.Build.0 = Release|Any CPU
		{F0933F13-CC22-4C9E-80BF-6DBF27EF514E}.Debug|Any CPU.ActiveCfg = Debug|Any CPU
		{F0933F13-CC22-4C9E-80BF-6DBF27EF514E}.Debug|Any CPU.Build.0 = Debug|Any CPU
		{F0933F13-CC22-4C9E-80BF-6DBF27EF514E}.Release|Any CPU.ActiveCfg = Release|Any CPU
		{F0933F13-CC22-4C9E-80BF-6DBF27EF514E}.Release|Any CPU.Build.0 = Release|Any CPU
		{C79AA4EE-3105-45F9-BDC3-1C92D58251B5}.Debug|Any CPU.ActiveCfg = Debug|Any CPU
		{C79AA4EE-3105-45F9-BDC3-1C92D58251B5}.Debug|Any CPU.Build.0 = Debug|Any CPU
		{C79AA4EE-3105-45F9-BDC3-1C92D58251B5}.Release|Any CPU.ActiveCfg = Release|Any CPU
		{C79AA4EE-3105-45F9-BDC3-1C92D58251B5}.Release|Any CPU.Build.0 = Release|Any CPU
		{818A9B2B-91EC-4BA2-A288-D98E47F8FD2F}.Debug|Any CPU.ActiveCfg = Debug|Any CPU
		{818A9B2B-91EC-4BA2-A288-D98E47F8FD2F}.Debug|Any CPU.Build.0 = Debug|Any CPU
		{818A9B2B-91EC-4BA2-A288-D98E47F8FD2F}.Release|Any CPU.ActiveCfg = Release|Any CPU
		{818A9B2B-91EC-4BA2-A288-D98E47F8FD2F}.Release|Any CPU.Build.0 = Release|Any CPU
		{5877140A-B99A-4002-9C46-F0F156345AB2}.Debug|Any CPU.ActiveCfg = Debug|Any CPU
		{5877140A-B99A-4002-9C46-F0F156345AB2}.Debug|Any CPU.Build.0 = Debug|Any CPU
		{5877140A-B99A-4002-9C46-F0F156345AB2}.Release|Any CPU.ActiveCfg = Release|Any CPU
		{5877140A-B99A-4002-9C46-F0F156345AB2}.Release|Any CPU.Build.0 = Release|Any CPU
		{9FFB517C-D9DE-4502-B3D6-64DD577AAB92}.Debug|Any CPU.ActiveCfg = Debug|Any CPU
		{9FFB517C-D9DE-4502-B3D6-64DD577AAB92}.Debug|Any CPU.Build.0 = Debug|Any CPU
		{9FFB517C-D9DE-4502-B3D6-64DD577AAB92}.Release|Any CPU.ActiveCfg = Release|Any CPU
		{9FFB517C-D9DE-4502-B3D6-64DD577AAB92}.Release|Any CPU.Build.0 = Release|Any CPU
		{5007F33E-64B8-4CD8-9724-373347BDD095}.Debug|Any CPU.ActiveCfg = Debug|Any CPU
		{5007F33E-64B8-4CD8-9724-373347BDD095}.Debug|Any CPU.Build.0 = Debug|Any CPU
		{5007F33E-64B8-4CD8-9724-373347BDD095}.Release|Any CPU.ActiveCfg = Release|Any CPU
		{5007F33E-64B8-4CD8-9724-373347BDD095}.Release|Any CPU.Build.0 = Release|Any CPU
	EndGlobalSection
	GlobalSection(SolutionProperties) = preSolution
		HideSolutionNode = FALSE
	EndGlobalSection
	GlobalSection(NestedProjects) = preSolution
		{5D4AEFA9-D56D-4CB2-878E-30386AD0F40F} = {02AD79DD-F16A-4A09-B88B-8FDAF28FCB4C}
		{361A29AB-A9F2-4884-AC27-443D126512E3} = {FEC5D724-26CC-40D3-85FB-01B3CA5CF38F}
		{520AC8A4-1A4E-4705-8E4A-35241654DC94} = {FEC5D724-26CC-40D3-85FB-01B3CA5CF38F}
		{87E00E34-2A00-41C4-8818-F4C2BFE8D9EC} = {361A29AB-A9F2-4884-AC27-443D126512E3}
		{CCF919AC-D5A4-48A9-A687-8484471FDEFD} = {361A29AB-A9F2-4884-AC27-443D126512E3}
		{C79AA4EE-3105-45F9-BDC3-1C92D58251B5} = {520AC8A4-1A4E-4705-8E4A-35241654DC94}
		{F0933F13-CC22-4C9E-80BF-6DBF27EF514E} = {520AC8A4-1A4E-4705-8E4A-35241654DC94}
		{818A9B2B-91EC-4BA2-A288-D98E47F8FD2F} = {520AC8A4-1A4E-4705-8E4A-35241654DC94}
		{9FFB517C-D9DE-4502-B3D6-64DD577AAB92} = {520AC8A4-1A4E-4705-8E4A-35241654DC94}
		{5877140A-B99A-4002-9C46-F0F156345AB2} = {55099023-AB27-4913-82FD-9727901A2A12}
	EndGlobalSection
EndGlobal
