
Microsoft Visual Studio Solution File, Format Version 12.00
# Visual Studio 2012
Project("{FAE04EC0-301F-11D3-BF4B-00C04F79EFBC}") = "DaownaMp3", "DaownaMp3\DaownaMp3.csproj", "{918F9A12-78A2-441A-A077-E764C744046C}"
EndProject
Project("{FAE04EC0-301F-11D3-BF4B-00C04F79EFBC}") = "DaownaMp3Library", "DaownaMp3Library\DaownaMp3Library.csproj", "{BB0E3844-8E4C-4FCC-B951-24D3A00843F4}"
EndProject
Global
	GlobalSection(SolutionConfigurationPlatforms) = preSolution
		Debug|Any CPU = Debug|Any CPU
		Release|Any CPU = Release|Any CPU
	EndGlobalSection
	GlobalSection(ProjectConfigurationPlatforms) = postSolution
		{918F9A12-78A2-441A-A077-E764C744046C}.Debug|Any CPU.ActiveCfg = Debug|Any CPU
		{918F9A12-78A2-441A-A077-E764C744046C}.Debug|Any CPU.Build.0 = Debug|Any CPU
		{918F9A12-78A2-441A-A077-E764C744046C}.Release|Any CPU.ActiveCfg = Release|Any CPU
		{918F9A12-78A2-441A-A077-E764C744046C}.Release|Any CPU.Build.0 = Release|Any CPU
		{BB0E3844-8E4C-4FCC-B951-24D3A00843F4}.Debug|Any CPU.ActiveCfg = Debug|Any CPU
		{BB0E3844-8E4C-4FCC-B951-24D3A00843F4}.Debug|Any CPU.Build.0 = Debug|Any CPU
		{BB0E3844-8E4C-4FCC-B951-24D3A00843F4}.Release|Any CPU.ActiveCfg = Release|Any CPU
		{BB0E3844-8E4C-4FCC-B951-24D3A00843F4}.Release|Any CPU.Build.0 = Release|Any CPU
	EndGlobalSection
	GlobalSection(SolutionProperties) = preSolution
		HideSolutionNode = FALSE
	EndGlobalSection
EndGlobal
